
Microsoft Visual Studio Solution File, Format Version 12.00
# Visual Studio Version 17
VisualStudioVersion = 17.10.35027.167
MinimumVisualStudioVersion = 10.0.40219.1
Project("{FAE04EC0-301F-11D3-BF4B-00C04F79EFBC}") = "Chess_Bot 1", "Chess_Bot 1\Chess_Bot 1.csproj", "{A2BCD7E7-4C8B-4162-8164-B24692187E61}"
EndProject
Global
	GlobalSection(SolutionConfigurationPlatforms) = preSolution
		Debug|Any CPU = Debug|Any CPU
		Release|Any CPU = Release|Any CPU
	EndGlobalSection
	GlobalSection(ProjectConfigurationPlatforms) = postSolution
		{A2BCD7E7-4C8B-4162-8164-B24692187E61}.Debug|Any CPU.ActiveCfg = Debug|Any CPU
		{A2BCD7E7-4C8B-4162-8164-B24692187E61}.Debug|Any CPU.Build.0 = Debug|Any CPU
		{A2BCD7E7-4C8B-4162-8164-B24692187E61}.Release|Any CPU.ActiveCfg = Release|Any CPU
		{A2BCD7E7-4C8B-4162-8164-B24692187E61}.Release|Any CPU.Build.0 = Release|Any CPU
	EndGlobalSection
	GlobalSection(SolutionProperties) = preSolution
		HideSolutionNode = FALSE
	EndGlobalSection
	GlobalSection(ExtensibilityGlobals) = postSolution
		SolutionGuid = {C57A6D4A-B47D-4253-95A5-04636977DB0A}
	EndGlobalSection
EndGlobal
